{
  "name": "ci-merge",
  "version": "1.0.0",
  "lockfileVersion": 1,
  "requires": true,
  "dependencies": {
    "esm": {
      "version": "3.0.43",
      "resolved": "https://registry.npmjs.org/esm/-/esm-3.0.43.tgz",
      "integrity": "sha512-B6ufz+Wd0kgstwpBaDEIVZoZmfrBq2bJtpb+lJXEStbgFN4nK4csFyQ3fbv3nLLi6ilnjcFBfoajw27c1nvrbQ=="
    }
  }
}
